Microsoft Visual Studio Solution File, Format Version 11.00
# Visual Studio 2008

Project("{55F61BB6-166A-96D9-ACE9-45F0C39B48B9}") = "Latest Version", "Assembly-CSharp-firstpass.csproj", "{D98E3284-6287-268E-59FB-87B0EB194FD6}"
EndProject
Project("{55F61BB6-166A-96D9-ACE9-45F0C39B48B9}") = "Latest Version", "Assembly-CSharp.csproj", "{91AB7A5E-FBF0-E4CD-8341-AE88F0D90546}"
EndProject
Project("{55F61BB6-166A-96D9-ACE9-45F0C39B48B9}") = "Latest Version", "Assembly-CSharp-Editor-firstpass.csproj", "{654297BE-4C18-93E9-CAFD-2D39917FD518}"
EndProject
Project("{55F61BB6-166A-96D9-ACE9-45F0C39B48B9}") = "Latest Version", "Assembly-UnityScript-firstpass.unityproj", "{AB4B230B-5621-6187-BE78-E27CA5BD39D0}"
EndProject
Project("{55F61BB6-166A-96D9-ACE9-45F0C39B48B9}") = "Latest Version", "Assembly-UnityScript.unityproj", "{E6DA5D24-27FF-9353-3D43-D97A7130E247}"
EndProject
Global
	GlobalSection(SolutionConfigurationPlatforms) = preSolution
		Debug|Any CPU = Debug|Any CPU
		Release|Any CPU = Release|Any CPU
	EndGlobalSection
	GlobalSection(ProjectConfigurationPlatforms) = postSolution
		{D98E3284-6287-268E-59FB-87B0EB194FD6}.Debug|Any CPU.ActiveCfg = Debug|Any CPU
		{D98E3284-6287-268E-59FB-87B0EB194FD6}.Debug|Any CPU.Build.0 = Debug|Any CPU
		{D98E3284-6287-268E-59FB-87B0EB194FD6}.Release|Any CPU.ActiveCfg = Release|Any CPU
		{D98E3284-6287-268E-59FB-87B0EB194FD6}.Release|Any CPU.Build.0 = Release|Any CPU
		{91AB7A5E-FBF0-E4CD-8341-AE88F0D90546}.Debug|Any CPU.ActiveCfg = Debug|Any CPU
		{91AB7A5E-FBF0-E4CD-8341-AE88F0D90546}.Debug|Any CPU.Build.0 = Debug|Any CPU
		{91AB7A5E-FBF0-E4CD-8341-AE88F0D90546}.Release|Any CPU.ActiveCfg = Release|Any CPU
		{91AB7A5E-FBF0-E4CD-8341-AE88F0D90546}.Release|Any CPU.Build.0 = Release|Any CPU
		{654297BE-4C18-93E9-CAFD-2D39917FD518}.Debug|Any CPU.ActiveCfg = Debug|Any CPU
		{654297BE-4C18-93E9-CAFD-2D39917FD518}.Debug|Any CPU.Build.0 = Debug|Any CPU
		{654297BE-4C18-93E9-CAFD-2D39917FD518}.Release|Any CPU.ActiveCfg = Release|Any CPU
		{654297BE-4C18-93E9-CAFD-2D39917FD518}.Release|Any CPU.Build.0 = Release|Any CPU
		{AB4B230B-5621-6187-BE78-E27CA5BD39D0}.Debug|Any CPU.ActiveCfg = Debug|Any CPU
		{AB4B230B-5621-6187-BE78-E27CA5BD39D0}.Debug|Any CPU.Build.0 = Debug|Any CPU
		{AB4B230B-5621-6187-BE78-E27CA5BD39D0}.Release|Any CPU.ActiveCfg = Release|Any CPU
		{AB4B230B-5621-6187-BE78-E27CA5BD39D0}.Release|Any CPU.Build.0 = Release|Any CPU
		{E6DA5D24-27FF-9353-3D43-D97A7130E247}.Debug|Any CPU.ActiveCfg = Debug|Any CPU
		{E6DA5D24-27FF-9353-3D43-D97A7130E247}.Debug|Any CPU.Build.0 = Debug|Any CPU
		{E6DA5D24-27FF-9353-3D43-D97A7130E247}.Release|Any CPU.ActiveCfg = Release|Any CPU
		{E6DA5D24-27FF-9353-3D43-D97A7130E247}.Release|Any CPU.Build.0 = Release|Any CPU
	EndGlobalSection
	GlobalSection(SolutionProperties) = preSolution
		HideSolutionNode = FALSE
	EndGlobalSection
							GlobalSection(MonoDevelopProperties) = preSolution
		StartupItem = Assembly-CSharp.csproj
		Policies = $0
		$0.TextStylePolicy = $1
		$1.inheritsSet = null
		$1.scope = text/x-csharp
		$0.CSharpFormattingPolicy = $2
		$2.inheritsSet = Mono
		$2.inheritsScope = text/x-csharp
		$2.scope = text/x-csharp
		$0.TextStylePolicy = $3
		$3.FileWidth = 120
		$3.TabWidth = 4
		$3.EolMarker = Unix
		$3.inheritsSet = Mono
		$3.inheritsScope = text/plain
		$3.scope = text/plain
	EndGlobalSection

EndGlobal
